// !$*UTF8*$!
{
	archiveVersion = 1;
	classes = {
	};
	objectVersion = 50;
	objects = {

/* Begin PBXBuildFile section */
		8C0F6432B62E52F775FA8DAE /* Pods_Eternity.framework in Frameworks */ = {isa = PBXBuildFile; fileRef = 29EDD21D817E5908DA2661F4 /* Pods_Eternity.framework */; };
		AA7ABF00223DD08D00ECB78F /* AppDelegate.swift in Sources */ = {isa = PBXBuildFile; fileRef = AA7ABEFF223DD08D00ECB78F /* AppDelegate.swift */; };
		AA7ABF05223DD08D00ECB78F /* Main.storyboard in Resources */ = {isa = PBXBuildFile; fileRef = AA7ABF03223DD08D00ECB78F /* Main.storyboard */; };
		AA7ABF07223DD08F00ECB78F /* Assets.xcassets in Resources */ = {isa = PBXBuildFile; fileRef = AA7ABF06223DD08F00ECB78F /* Assets.xcassets */; };
		AA7ABF0A223DD08F00ECB78F /* LaunchScreen.storyboard in Resources */ = {isa = PBXBuildFile; fileRef = AA7ABF08223DD08F00ECB78F /* LaunchScreen.storyboard */; };
		AAC1FBA8223DEC0F00590894 /* TableViewController.swift in Sources */ = {isa = PBXBuildFile; fileRef = AAC1FBA7223DEC0F00590894 /* TableViewController.swift */; };
		AAC1FBAA223DF1D400590894 /* HomeViewController.swift in Sources */ = {isa = PBXBuildFile; fileRef = AAC1FBA9223DF1D400590894 /* HomeViewController.swift */; };
		AAC1FBB0223DF5FE00590894 /* TravelViewController.swift in Sources */ = {isa = PBXBuildFile; fileRef = AAC1FBAF223DF5FE00590894 /* TravelViewController.swift */; };
		AAC1FBB6223DF65300590894 /* BillsViewController.swift in Sources */ = {isa = PBXBuildFile; fileRef = AAC1FBB5223DF65300590894 /* BillsViewController.swift */; };
		AAC1FBB8223DF66700590894 /* FoodViewController.swift in Sources */ = {isa = PBXBuildFile; fileRef = AAC1FBB7223DF66700590894 /* FoodViewController.swift */; };
		AAD19DCC223E3C6D0076776F /* TestViewController.swift in Sources */ = {isa = PBXBuildFile; fileRef = AAD19DCB223E3C6D0076776F /* TestViewController.swift */; };
		AAD19DE2223E6AA20076776F /* pizza, pizza pie.jpg in Resources */ = {isa = PBXBuildFile; fileRef = AAD19DD6223E6AA00076776F /* pizza, pizza pie.jpg */; };
		AAD19DE3223E6AA20076776F /* orange.jpg in Resources */ = {isa = PBXBuildFile; fileRef = AAD19DD7223E6AA00076776F /* orange.jpg */; };
		AAD19DE4223E6AA20076776F /* meatloaf.jpg in Resources */ = {isa = PBXBuildFile; fileRef = AAD19DD8223E6AA10076776F /* meatloaf.jpg */; };
		AAD19DE5223E6AA20076776F /* cheeseburger.jpg in Resources */ = {isa = PBXBuildFile; fileRef = AAD19DD9223E6AA10076776F /* cheeseburger.jpg */; };
		AAD19DE6223E6AA20076776F /* icecream.jpg in Resources */ = {isa = PBXBuildFile; fileRef = AAD19DDA223E6AA10076776F /* icecream.jpg */; };
		AAD19DE7223E6AA20076776F /* hotdog.jpg in Resources */ = {isa = PBXBuildFile; fileRef = AAD19DDB223E6AA10076776F /* hotdog.jpg */; };
		AAD19DE8223E6AA20076776F /* apple.jpg in Resources */ = {isa = PBXBuildFile; fileRef = AAD19DDC223E6AA20076776F /* apple.jpg */; };
		AAD19DE9223E6AA20076776F /* broccoli.jpg in Resources */ = {isa = PBXBuildFile; fileRef = AAD19DDD223E6AA20076776F /* broccoli.jpg */; };
		AAD19DEA223E6AA20076776F /* banana.jpg in Resources */ = {isa = PBXBuildFile; fileRef = AAD19DDE223E6AA20076776F /* banana.jpg */; };
		AAD19DEB223E6AA20076776F /* button_add-512.png in Resources */ = {isa = PBXBuildFile; fileRef = AAD19DDF223E6AA20076776F /* button_add-512.png */; };
		AAD19DEC223E6AA20076776F /* meat cleaver.jpg in Resources */ = {isa = PBXBuildFile; fileRef = AAD19DE0223E6AA20076776F /* meat cleaver.jpg */; };
		AAD19DED223E6AA20076776F /* pineapple.jpg in Resources */ = {isa = PBXBuildFile; fileRef = AAD19DE1223E6AA20076776F /* pineapple.jpg */; };
		AAD19DEF223E6ADA0076776F /* ScannerViewController.swift in Sources */ = {isa = PBXBuildFile; fileRef = AAD19DEE223E6ADA0076776F /* ScannerViewController.swift */; };
		AAD19DF1223E6AE40076776F /* FoodCell.swift in Sources */ = {isa = PBXBuildFile; fileRef = AAD19DF0223E6AE30076776F /* FoodCell.swift */; };
		AAD19DF3223E6B040076776F /* MobileNet.mlmodel in Sources */ = {isa = PBXBuildFile; fileRef = AAD19DF2223E6B040076776F /* MobileNet.mlmodel */; };
		D8EE2FB9223E87C00057B6F5 /* Capture.PNG in Resources */ = {isa = PBXBuildFile; fileRef = D8EE2FB8223E87C00057B6F5 /* Capture.PNG */; };
/* End PBXBuildFile section */

/* Begin PBXFileReference section */
		29EDD21D817E5908DA2661F4 /* Pods_Eternity.framework */ = {isa = PBXFileReference; explicitFileType = wrapper.framework; includeInIndex = 0; path = Pods_Eternity.framework; sourceTree = BUILT_PRODUCTS_DIR; };
		6458B9430D9396AE63AB6F3F /* Pods-Eternity.debug.xcconfig */ = {isa = PBXFileReference; includeInIndex = 1; lastKnownFileType = text.xcconfig; name = "Pods-Eternity.debug.xcconfig"; path = "Target Support Files/Pods-Eternity/Pods-Eternity.debug.xcconfig"; sourceTree = "<group>"; };
		A75722111D4498BEA8A045EF /* Pods-Eternity.release.xcconfig */ = {isa = PBXFileReference; includeInIndex = 1; lastKnownFileType = text.xcconfig; name = "Pods-Eternity.release.xcconfig"; path = "Target Support Files/Pods-Eternity/Pods-Eternity.release.xcconfig"; sourceTree = "<group>"; };
		AA7ABEFC223DD08D00ECB78F /* Eternity.app */ = {isa = PBXFileReference; explicitFileType = wrapper.application; includeInIndex = 0; path = Eternity.app; sourceTree = BUILT_PRODUCTS_DIR; };
		AA7ABEFF223DD08D00ECB78F /* AppDelegate.swift */ = {isa = PBXFileReference; lastKnownFileType = sourcecode.swift; path = AppDelegate.swift; sourceTree = "<group>"; };
		AA7ABF04223DD08D00ECB78F /* Base */ = {isa = PBXFileReference; lastKnownFileType = file.storyboard; name = Base; path = Base.lproj/Main.storyboard; sourceTree = "<group>"; };
		AA7ABF06223DD08F00ECB78F /* Assets.xcassets */ = {isa = PBXFileReference; lastKnownFileType = folder.assetcatalog; path = Assets.xcassets; sourceTree = "<group>"; };
		AA7ABF09223DD08F00ECB78F /* Base */ = {isa = PBXFileReference; lastKnownFileType = file.storyboard; name = Base; path = Base.lproj/LaunchScreen.storyboard; sourceTree = "<group>"; };
		AA7ABF0B223DD08F00ECB78F /* Info.plist */ = {isa = PBXFileReference; lastKnownFileType = text.plist.xml; path = Info.plist; sourceTree = "<group>"; };
		AAC1FBA7223DEC0F00590894 /* TableViewController.swift */ = {isa = PBXFileReference; lastKnownFileType = sourcecode.swift; path = TableViewController.swift; sourceTree = "<group>"; };
		AAC1FBA9223DF1D400590894 /* HomeViewController.swift */ = {isa = PBXFileReference; lastKnownFileType = sourcecode.swift; path = HomeViewController.swift; sourceTree = "<group>"; };
		AAC1FBAF223DF5FE00590894 /* TravelViewController.swift */ = {isa = PBXFileReference; lastKnownFileType = sourcecode.swift; path = TravelViewController.swift; sourceTree = "<group>"; };
		AAC1FBB5223DF65300590894 /* BillsViewController.swift */ = {isa = PBXFileReference; lastKnownFileType = sourcecode.swift; path = BillsViewController.swift; sourceTree = "<group>"; };
		AAC1FBB7223DF66700590894 /* FoodViewController.swift */ = {isa = PBXFileReference; lastKnownFileType = sourcecode.swift; path = FoodViewController.swift; sourceTree = "<group>"; };
		AAD19DCB223E3C6D0076776F /* TestViewController.swift */ = {isa = PBXFileReference; lastKnownFileType = sourcecode.swift; path = TestViewController.swift; sourceTree = "<group>"; };
		AAD19DD6223E6AA00076776F /* pizza, pizza pie.jpg */ = {isa = PBXFileReference; lastKnownFileType = image.jpeg; path = "pizza, pizza pie.jpg"; sourceTree = "<group>"; };
		AAD19DD7223E6AA00076776F /* orange.jpg */ = {isa = PBXFileReference; lastKnownFileType = image.jpeg; path = orange.jpg; sourceTree = "<group>"; };
		AAD19DD8223E6AA10076776F /* meatloaf.jpg */ = {isa = PBXFileReference; lastKnownFileType = image.jpeg; path = meatloaf.jpg; sourceTree = "<group>"; };
		AAD19DD9223E6AA10076776F /* cheeseburger.jpg */ = {isa = PBXFileReference; lastKnownFileType = image.jpeg; path = cheeseburger.jpg; sourceTree = "<group>"; };
		AAD19DDA223E6AA10076776F /* icecream.jpg */ = {isa = PBXFileReference; lastKnownFileType = image.jpeg; path = icecream.jpg; sourceTree = "<group>"; };
		AAD19DDB223E6AA10076776F /* hotdog.jpg */ = {isa = PBXFileReference; lastKnownFileType = image.jpeg; path = hotdog.jpg; sourceTree = "<group>"; };
		AAD19DDC223E6AA20076776F /* apple.jpg */ = {isa = PBXFileReference; lastKnownFileType = image.jpeg; path = apple.jpg; sourceTree = "<group>"; };
		AAD19DDD223E6AA20076776F /* broccoli.jpg */ = {isa = PBXFileReference; lastKnownFileType = image.jpeg; path = broccoli.jpg; sourceTree = "<group>"; };
		AAD19DDE223E6AA20076776F /* banana.jpg */ = {isa = PBXFileReference; lastKnownFileType = image.jpeg; path = banana.jpg; sourceTree = "<group>"; };
		AAD19DDF223E6AA20076776F /* button_add-512.png */ = {isa = PBXFileReference; lastKnownFileType = image.png; path = "button_add-512.png"; sourceTree = "<group>"; };
		AAD19DE0223E6AA20076776F /* meat cleaver.jpg */ = {isa = PBXFileReference; lastKnownFileType = image.jpeg; path = "meat cleaver.jpg"; sourceTree = "<group>"; };
		AAD19DE1223E6AA20076776F /* pineapple.jpg */ = {isa = PBXFileReference; lastKnownFileType = image.jpeg; path = pineapple.jpg; sourceTree = "<group>"; };
		AAD19DEE223E6ADA0076776F /* ScannerViewController.swift */ = {isa = PBXFileReference; fileEncoding = 4; lastKnownFileType = sourcecode.swift; path = ScannerViewController.swift; sourceTree = "<group>"; };
		AAD19DF0223E6AE30076776F /* FoodCell.swift */ = {isa = PBXFileReference; fileEncoding = 4; lastKnownFileType = sourcecode.swift; path = FoodCell.swift; sourceTree = "<group>"; };
		AAD19DF2223E6B040076776F /* MobileNet.mlmodel */ = {isa = PBXFileReference; lastKnownFileType = file.mlmodel; path = MobileNet.mlmodel; sourceTree = "<group>"; };
		D8EE2FB8223E87C00057B6F5 /* Capture.PNG */ = {isa = PBXFileReference; lastKnownFileType = image.png; path = Capture.PNG; sourceTree = "<group>"; };
/* End PBXFileReference section */

/* Begin PBXFrameworksBuildPhase section */
		AA7ABEF9223DD08D00ECB78F /* Frameworks */ = {
			isa = PBXFrameworksBuildPhase;
			buildActionMask = 2147483647;
			files = (
				8C0F6432B62E52F775FA8DAE /* Pods_Eternity.framework in Frameworks */,
			);
			runOnlyForDeploymentPostprocessing = 0;
		};
/* End PBXFrameworksBuildPhase section */

/* Begin PBXGroup section */
		AA7ABEF3223DD08D00ECB78F = {
			isa = PBXGroup;
			children = (
				AA7ABEFE223DD08D00ECB78F /* Eternity */,
				AA7ABEFD223DD08D00ECB78F /* Products */,
				E002CAB9AAEACBCE9F049C49 /* Pods */,
				E71ACCCC4F104F70B43E065F /* Frameworks */,
			);
			sourceTree = "<group>";
		};
		AA7ABEFD223DD08D00ECB78F /* Products */ = {
			isa = PBXGroup;
			children = (
				AA7ABEFC223DD08D00ECB78F /* Eternity.app */,
			);
			name = Products;
			sourceTree = "<group>";
		};
		AA7ABEFE223DD08D00ECB78F /* Eternity */ = {
			isa = PBXGroup;
			children = (
				AAC1FBAE223DF58E00590894 /* ViewControllers */,
				AA7ABEFF223DD08D00ECB78F /* AppDelegate.swift */,
				AA7ABF03223DD08D00ECB78F /* Main.storyboard */,
				AAD19DCB223E3C6D0076776F /* TestViewController.swift */,
				AAC1FBA7223DEC0F00590894 /* TableViewController.swift */,
				AA7ABF06223DD08F00ECB78F /* Assets.xcassets */,
				AA7ABF08223DD08F00ECB78F /* LaunchScreen.storyboard */,
				AA7ABF0B223DD08F00ECB78F /* Info.plist */,
			);
			path = Eternity;
			sourceTree = "<group>";
		};
		AAC1FBAE223DF58E00590894 /* ViewControllers */ = {
			isa = PBXGroup;
			children = (
				D8EE2FB8223E87C00057B6F5 /* Capture.PNG */,
				AAC1FBAF223DF5FE00590894 /* TravelViewController.swift */,
				AAC1FBA9223DF1D400590894 /* HomeViewController.swift */,
				AAC1FBB5223DF65300590894 /* BillsViewController.swift */,
				AAC1FBB7223DF66700590894 /* FoodViewController.swift */,
				AAD19DF0223E6AE30076776F /* FoodCell.swift */,
				AAD19DEE223E6ADA0076776F /* ScannerViewController.swift */,
				AAD19DD5223E6A850076776F /* food */,
			);
			path = ViewControllers;
			sourceTree = "<group>";
		};
		AAD19DD5223E6A850076776F /* food */ = {
			isa = PBXGroup;
			children = (
				AAD19DF2223E6B040076776F /* MobileNet.mlmodel */,
				AAD19DDC223E6AA20076776F /* apple.jpg */,
				AAD19DDE223E6AA20076776F /* banana.jpg */,
				AAD19DDD223E6AA20076776F /* broccoli.jpg */,
				AAD19DDF223E6AA20076776F /* button_add-512.png */,
				AAD19DD9223E6AA10076776F /* cheeseburger.jpg */,
				AAD19DDB223E6AA10076776F /* hotdog.jpg */,
				AAD19DDA223E6AA10076776F /* icecream.jpg */,
				AAD19DE0223E6AA20076776F /* meat cleaver.jpg */,
				AAD19DD8223E6AA10076776F /* meatloaf.jpg */,
				AAD19DD7223E6AA00076776F /* orange.jpg */,
				AAD19DE1223E6AA20076776F /* pineapple.jpg */,
				AAD19DD6223E6AA00076776F /* pizza, pizza pie.jpg */,
			);
			path = food;
			sourceTree = "<group>";
		};
		E002CAB9AAEACBCE9F049C49 /* Pods */ = {
			isa = PBXGroup;
			children = (
				6458B9430D9396AE63AB6F3F /* Pods-Eternity.debug.xcconfig */,
				A75722111D4498BEA8A045EF /* Pods-Eternity.release.xcconfig */,
			);
			path = Pods;
			sourceTree = "<group>";
		};
		E71ACCCC4F104F70B43E065F /* Frameworks */ = {
			isa = PBXGroup;
			children = (
				29EDD21D817E5908DA2661F4 /* Pods_Eternity.framework */,
			);
			name = Frameworks;
			sourceTree = "<group>";
		};
/* End PBXGroup section */

/* Begin PBXNativeTarget section */
		AA7ABEFB223DD08D00ECB78F /* Eternity */ = {
			isa = PBXNativeTarget;
			buildConfigurationList = AA7ABF0E223DD08F00ECB78F /* Build configuration list for PBXNativeTarget "Eternity" */;
			buildPhases = (
				B3A612AA1584793F01E2DC9F /* [CP] Check Pods Manifest.lock */,
				AA7ABEF8223DD08D00ECB78F /* Sources */,
				AA7ABEF9223DD08D00ECB78F /* Frameworks */,
				AA7ABEFA223DD08D00ECB78F /* Resources */,
			);
			buildRules = (
			);
			dependencies = (
			);
			name = Eternity;
			productName = Eternity;
			productReference = AA7ABEFC223DD08D00ECB78F /* Eternity.app */;
			productType = "com.apple.product-type.application";
		};
/* End PBXNativeTarget section */

/* Begin PBXProject section */
		AA7ABEF4223DD08D00ECB78F /* Project object */ = {
			isa = PBXProject;
			attributes = {
				LastSwiftUpdateCheck = 1010;
				LastUpgradeCheck = 1010;
				ORGANIZATIONNAME = "Yasin Ehsan";
				TargetAttributes = {
					AA7ABEFB223DD08D00ECB78F = {
						CreatedOnToolsVersion = 10.1;
					};
				};
			};
			buildConfigurationList = AA7ABEF7223DD08D00ECB78F /* Build configuration list for PBXProject "Eternity" */;
			compatibilityVersion = "Xcode 9.3";
			developmentRegion = en;
			hasScannedForEncodings = 0;
			knownRegions = (
				en,
				Base,
			);
			mainGroup = AA7ABEF3223DD08D00ECB78F;
			productRefGroup = AA7ABEFD223DD08D00ECB78F /* Products */;
			projectDirPath = "";
			projectRoot = "";
			targets = (
				AA7ABEFB223DD08D00ECB78F /* Eternity */,
			);
		};
/* End PBXProject section */

/* Begin PBXResourcesBuildPhase section */
		AA7ABEFA223DD08D00ECB78F /* Resources */ = {
			isa = PBXResourcesBuildPhase;
			buildActionMask = 2147483647;
			files = (
				AA7ABF0A223DD08F00ECB78F /* LaunchScreen.storyboard in Resources */,
				AAD19DE2223E6AA20076776F /* pizza, pizza pie.jpg in Resources */,
				D8EE2FB9223E87C00057B6F5 /* Capture.PNG in Resources */,
				AA7ABF07223DD08F00ECB78F /* Assets.xcassets in Resources */,
				AAD19DE3223E6AA20076776F /* orange.jpg in Resources */,
				AAD19DE8223E6AA20076776F /* apple.jpg in Resources */,
				AAD19DED223E6AA20076776F /* pineapple.jpg in Resources */,
				AAD19DE6223E6AA20076776F /* icecream.jpg in Resources */,
				AAD19DEC223E6AA20076776F /* meat cleaver.jpg in Resources */,
				AAD19DEB223E6AA20076776F /* button_add-512.png in Resources */,
				AAD19DE7223E6AA20076776F /* hotdog.jpg in Resources */,
				AAD19DE9223E6AA20076776F /* broccoli.jpg in Resources */,
				AAD19DE4223E6AA20076776F /* meatloaf.jpg in Resources */,
				AAD19DE5223E6AA20076776F /* cheeseburger.jpg in Resources */,
				AAD19DEA223E6AA20076776F /* banana.jpg in Resources */,
				AA7ABF05223DD08D00ECB78F /* Main.storyboard in Resources */,
			);
			runOnlyForDeploymentPostprocessing = 0;
		};
/* End PBXResourcesBuildPhase section */

/* Begin PBXShellScriptBuildPhase section */
		B3A612AA1584793F01E2DC9F /* [CP] Check Pods Manifest.lock */ = {
			isa = PBXShellScriptBuildPhase;
			buildActionMask = 2147483647;
			files = (
			);
			inputFileListPaths = (
			);
			inputPaths = (
				"${PODS_PODFILE_DIR_PATH}/Podfile.lock",
				"${PODS_ROOT}/Manifest.lock",
			);
			name = "[CP] Check Pods Manifest.lock";
			outputFileListPaths = (
			);
			outputPaths = (
				"$(DERIVED_FILE_DIR)/Pods-Eternity-checkManifestLockResult.txt",
			);
			runOnlyForDeploymentPostprocessing = 0;
			shellPath = /bin/sh;
			shellScript = "diff \"${PODS_PODFILE_DIR_PATH}/Podfile.lock\" \"${PODS_ROOT}/Manifest.lock\" > /dev/null\nif [ $? != 0 ] ; then\n    # print error to STDERR\n    echo \"error: The sandbox is not in sync with the Podfile.lock. Run 'pod install' or update your CocoaPods installation.\" >&2\n    exit 1\nfi\n# This output is used by Xcode 'outputs' to avoid re-running this script phase.\necho \"SUCCESS\" > \"${SCRIPT_OUTPUT_FILE_0}\"\n";
			showEnvVarsInLog = 0;
		};
/* End PBXShellScriptBuildPhase section */

/* Begin PBXSourcesBuildPhase section */
		AA7ABEF8223DD08D00ECB78F /* Sources */ = {
			isa = PBXSourcesBuildPhase;
			buildActionMask = 2147483647;
			files = (
				AAD19DCC223E3C6D0076776F /* TestViewController.swift in Sources */,
				AAC1FBA8223DEC0F00590894 /* TableViewController.swift in Sources */,
				AA7ABF00223DD08D00ECB78F /* AppDelegate.swift in Sources */,
				AAC1FBB6223DF65300590894 /* BillsViewController.swift in Sources */,
				AAD19DEF223E6ADA0076776F /* ScannerViewController.swift in Sources */,
				AAC1FBB0223DF5FE00590894 /* TravelViewController.swift in Sources */,
				AAD19DF3223E6B040076776F /* MobileNet.mlmodel in Sources */,
				AAD19DF1223E6AE40076776F /* FoodCell.swift in Sources */,
				AAC1FBB8223DF66700590894 /* FoodViewController.swift in Sources */,
				AAC1FBAA223DF1D400590894 /* HomeViewController.swift in Sources */,
			);
			runOnlyForDeploymentPostprocessing = 0;
		};
/* End PBXSourcesBuildPhase section */

/* Begin PBXVariantGroup section */
		AA7ABF03223DD08D00ECB78F /* Main.storyboard */ = {
			isa = PBXVariantGroup;
			children = (
				AA7ABF04223DD08D00ECB78F /* Base */,
			);
			name = Main.storyboard;
			sourceTree = "<group>";
		};
		AA7ABF08223DD08F00ECB78F /* LaunchScreen.storyboard */ = {
			isa = PBXVariantGroup;
			children = (
				AA7ABF09223DD08F00ECB78F /* Base */,
			);
			name = LaunchScreen.storyboard;
			sourceTree = "<group>";
		};
/* End PBXVariantGroup section */

/* Begin XCBuildConfiguration section */
		AA7ABF0C223DD08F00ECB78F /* Debug */ = {
			isa = XCBuildConfiguration;
			buildSettings = {
				ALWAYS_SEARCH_USER_PATHS = NO;
				CLANG_ANALYZER_NONNULL = YES;
				CLANG_ANALYZER_NUMBER_OBJECT_CONVERSION = YES_AGGRESSIVE;
				CLANG_CXX_LANGUAGE_STANDARD = "gnu++14";
				CLANG_CXX_LIBRARY = "libc++";
				CLANG_ENABLE_MODULES = YES;
				CLANG_ENABLE_OBJC_ARC = YES;
				CLANG_ENABLE_OBJC_WEAK = YES;
				CLANG_WARN_BLOCK_CAPTURE_AUTORELEASING = YES;
				CLANG_WARN_BOOL_CONVERSION = YES;
				CLANG_WARN_COMMA = YES;
				CLANG_WARN_CONSTANT_CONVERSION = YES;
				CLANG_WARN_DEPRECATED_OBJC_IMPLEMENTATIONS = YES;
				CLANG_WARN_DIRECT_OBJC_ISA_USAGE = YES_ERROR;
				CLANG_WARN_DOCUMENTATION_COMMENTS = YES;
				CLANG_WARN_EMPTY_BODY = YES;
				CLANG_WARN_ENUM_CONVERSION = YES;
				CLANG_WARN_INFINITE_RECURSION = YES;
				CLANG_WARN_INT_CONVERSION = YES;
				CLANG_WARN_NON_LITERAL_NULL_CONVERSION = YES;
				CLANG_WARN_OBJC_IMPLICIT_RETAIN_SELF = YES;
				CLANG_WARN_OBJC_LITERAL_CONVERSION = YES;
				CLANG_WARN_OBJC_ROOT_CLASS = YES_ERROR;
				CLANG_WARN_RANGE_LOOP_ANALYSIS = YES;
				CLANG_WARN_STRICT_PROTOTYPES = YES;
				CLANG_WARN_SUSPICIOUS_MOVE = YES;
				CLANG_WARN_UNGUARDED_AVAILABILITY = YES_AGGRESSIVE;
				CLANG_WARN_UNREACHABLE_CODE = YES;
				CLANG_WARN__DUPLICATE_METHOD_MATCH = YES;
				CODE_SIGN_IDENTITY = "iPhone Developer";
				COPY_PHASE_STRIP = NO;
				DEBUG_INFORMATION_FORMAT = dwarf;
				ENABLE_STRICT_OBJC_MSGSEND = YES;
				ENABLE_TESTABILITY = YES;
				GCC_C_LANGUAGE_STANDARD = gnu11;
				GCC_DYNAMIC_NO_PIC = NO;
				GCC_NO_COMMON_BLOCKS = YES;
				GCC_OPTIMIZATION_LEVEL = 0;
				GCC_PREPROCESSOR_DEFINITIONS = (
					"DEBUG=1",
					"$(inherited)",
				);
				GCC_WARN_64_TO_32_BIT_CONVERSION = YES;
				GCC_WARN_ABOUT_RETURN_TYPE = YES_ERROR;
				GCC_WARN_UNDECLARED_SELECTOR = YES;
				GCC_WARN_UNINITIALIZED_AUTOS = YES_AGGRESSIVE;
				GCC_WARN_UNUSED_FUNCTION = YES;
				GCC_WARN_UNUSED_VARIABLE = YES;
				IPHONEOS_DEPLOYMENT_TARGET = 12.1;
				MTL_ENABLE_DEBUG_INFO = INCLUDE_SOURCE;
				MTL_FAST_MATH = YES;
				ONLY_ACTIVE_ARCH = YES;
				SDKROOT = iphoneos;
				SWIFT_ACTIVE_COMPILATION_CONDITIONS = DEBUG;
				SWIFT_OPTIMIZATION_LEVEL = "-Onone";
			};
			name = Debug;
		};
		AA7ABF0D223DD08F00ECB78F /* Release */ = {
			isa = XCBuildConfiguration;
			buildSettings = {
				ALWAYS_SEARCH_USER_PATHS = NO;
				CLANG_ANALYZER_NONNULL = YES;
				CLANG_ANALYZER_NUMBER_OBJECT_CONVERSION = YES_AGGRESSIVE;
				CLANG_CXX_LANGUAGE_STANDARD = "gnu++14";
				CLANG_CXX_LIBRARY = "libc++";
				CLANG_ENABLE_MODULES = YES;
				CLANG_ENABLE_OBJC_ARC = YES;
				CLANG_ENABLE_OBJC_WEAK = YES;
				CLANG_WARN_BLOCK_CAPTURE_AUTORELEASING = YES;
				CLANG_WARN_BOOL_CONVERSION = YES;
				CLANG_WARN_COMMA = YES;
				CLANG_WARN_CONSTANT_CONVERSION = YES;
				CLANG_WARN_DEPRECATED_OBJC_IMPLEMENTATIONS = YES;
				CLANG_WARN_DIRECT_OBJC_ISA_USAGE = YES_ERROR;
				CLANG_WARN_DOCUMENTATION_COMMENTS = YES;
				CLANG_WARN_EMPTY_BODY = YES;
				CLANG_WARN_ENUM_CONVERSION = YES;
				CLANG_WARN_INFINITE_RECURSION = YES;
				CLANG_WARN_INT_CONVERSION = YES;
				CLANG_WARN_NON_LITERAL_NULL_CONVERSION = YES;
				CLANG_WARN_OBJC_IMPLICIT_RETAIN_SELF = YES;
				CLANG_WARN_OBJC_LITERAL_CONVERSION = YES;
				CLANG_WARN_OBJC_ROOT_CLASS = YES_ERROR;
				CLANG_WARN_RANGE_LOOP_ANALYSIS = YES;
				CLANG_WARN_STRICT_PROTOTYPES = YES;
				CLANG_WARN_SUSPICIOUS_MOVE = YES;
				CLANG_WARN_UNGUARDED_AVAILABILITY = YES_AGGRESSIVE;
				CLANG_WARN_UNREACHABLE_CODE = YES;
				CLANG_WARN__DUPLICATE_METHOD_MATCH = YES;
				CODE_SIGN_IDENTITY = "iPhone Developer";
				COPY_PHASE_STRIP = NO;
				DEBUG_INFORMATION_FORMAT = "dwarf-with-dsym";
				ENABLE_NS_ASSERTIONS = NO;
				ENABLE_STRICT_OBJC_MSGSEND = YES;
				GCC_C_LANGUAGE_STANDARD = gnu11;
				GCC_NO_COMMON_BLOCKS = YES;
				GCC_WARN_64_TO_32_BIT_CONVERSION = YES;
				GCC_WARN_ABOUT_RETURN_TYPE = YES_ERROR;
				GCC_WARN_UNDECLARED_SELECTOR = YES;
				GCC_WARN_UNINITIALIZED_AUTOS = YES_AGGRESSIVE;
				GCC_WARN_UNUSED_FUNCTION = YES;
				GCC_WARN_UNUSED_VARIABLE = YES;
				IPHONEOS_DEPLOYMENT_TARGET = 12.1;
				MTL_ENABLE_DEBUG_INFO = NO;
				MTL_FAST_MATH = YES;
				SDKROOT = iphoneos;
				SWIFT_COMPILATION_MODE = wholemodule;
				SWIFT_OPTIMIZATION_LEVEL = "-O";
				VALIDATE_PRODUCT = YES;
			};
			name = Release;
		};
		AA7ABF0F223DD08F00ECB78F /* Debug */ = {
			isa = XCBuildConfiguration;
			baseConfigurationReference = 6458B9430D9396AE63AB6F3F /* Pods-Eternity.debug.xcconfig */;
			buildSettings = {
				ASSETCATALOG_COMPILER_APPICON_NAME = AppIcon;
				CODE_SIGN_STYLE = Automatic;
				DEVELOPMENT_TEAM = 4L2JW8YQE4;
				INFOPLIST_FILE = Eternity/Info.plist;
				LD_RUNPATH_SEARCH_PATHS = (
					"$(inherited)",
					"@executable_path/Frameworks",
				);
				PRODUCT_BUNDLE_IDENTIFIER = com.yasinehsan.Eternity2;
				PRODUCT_NAME = "$(TARGET_NAME)";
				SWIFT_VERSION = 4.2;
				TARGETED_DEVICE_FAMILY = "1,2";
			};
			name = Debug;
		};
		AA7ABF10223DD08F00ECB78F /* Release */ = {
			isa = XCBuildConfiguration;
			baseConfigurationReference = A75722111D4498BEA8A045EF /* Pods-Eternity.release.xcconfig */;
			buildSettings = {
				ASSETCATALOG_COMPILER_APPICON_NAME = AppIcon;
				CODE_SIGN_STYLE = Automatic;
				DEVELOPMENT_TEAM = 4L2JW8YQE4;
				INFOPLIST_FILE = Eternity/Info.plist;
				LD_RUNPATH_SEARCH_PATHS = (
					"$(inherited)",
					"@executable_path/Frameworks",
				);
				PRODUCT_BUNDLE_IDENTIFIER = com.yasinehsan.Eternity2;
				PRODUCT_NAME = "$(TARGET_NAME)";
				SWIFT_VERSION = 4.2;
				TARGETED_DEVICE_FAMILY = "1,2";
			};
			name = Release;
		};
/* End XCBuildConfiguration section */

/* Begin XCConfigurationList section */
		AA7ABEF7223DD08D00ECB78F /* Build configuration list for PBXProject "Eternity" */ = {
			isa = XCConfigurationList;
			buildConfigurations = (
				AA7ABF0C223DD08F00ECB78F /* Debug */,
				AA7ABF0D223DD08F00ECB78F /* Release */,
			);
			defaultConfigurationIsVisible = 0;
			defaultConfigurationName = Release;
		};
		AA7ABF0E223DD08F00ECB78F /* Build configuration list for PBXNativeTarget "Eternity" */ = {
			isa = XCConfigurationList;
			buildConfigurations = (
				AA7ABF0F223DD08F00ECB78F /* Debug */,
				AA7ABF10223DD08F00ECB78F /* Release */,
			);
			defaultConfigurationIsVisible = 0;
			defaultConfigurationName = Release;
		};
/* End XCConfigurationList section */
	};
	rootObject = AA7ABEF4223DD08D00ECB78F /* Project object */;
}
